// !$*UTF8*$!
{
	archiveVersion = 1;
	classes = {
	};
	objectVersion = 46;
	objects = {

/* Begin PBXBuildFile section */
		6AADAE1E1BEB291500EB1E81 /* main.m in Sources */ = {isa = PBXBuildFile; fileRef = 6AADAE1D1BEB291500EB1E81 /* main.m */; };
		6AADAE211BEB291500EB1E81 /* AppDelegate.m in Sources */ = {isa = PBXBuildFile; fileRef = 6AADAE201BEB291500EB1E81 /* AppDelegate.m */; };
		6AADAE241BEB291500EB1E81 /* ViewController.m in Sources */ = {isa = PBXBuildFile; fileRef = 6AADAE231BEB291500EB1E81 /* ViewController.m */; };
		6AADAE271BEB291500EB1E81 /* Main.storyboard in Resources */ = {isa = PBXBuildFile; fileRef = 6AADAE251BEB291500EB1E81 /* Main.storyboard */; };
		6AADAE2A1BEB291500EB1E81 /* AutoLayout__cell__.xcdatamodeld in Sources */ = {isa = PBXBuildFile; fileRef = 6AADAE281BEB291500EB1E81 /* AutoLayout__cell__.xcdatamodeld */; };
		6AADAE2C1BEB291500EB1E81 /* Assets.xcassets in Resources */ = {isa = PBXBuildFile; fileRef = 6AADAE2B1BEB291500EB1E81 /* Assets.xcassets */; };
		6AADAE2F1BEB291500EB1E81 /* LaunchScreen.storyboard in Resources */ = {isa = PBXBuildFile; fileRef = 6AADAE2D1BEB291500EB1E81 /* LaunchScreen.storyboard */; };
		6AADAE3A1BEB291500EB1E81 /* AutoLayout__cell__Tests.m in Sources */ = {isa = PBXBuildFile; fileRef = 6AADAE391BEB291500EB1E81 /* AutoLayout__cell__Tests.m */; };
		6AADAE451BEB291500EB1E81 /* AutoLayout__cell__UITests.m in Sources */ = {isa = PBXBuildFile; fileRef = 6AADAE441BEB291500EB1E81 /* AutoLayout__cell__UITests.m */; };
/* End PBXBuildFile section */

/* Begin PBXContainerItemProxy section */
		6AADAE361BEB291500EB1E81 /* PBXContainerItemProxy */ = {
			isa = PBXContainerItemProxy;
			containerPortal = 6AADAE111BEB291500EB1E81 /* Project object */;
			proxyType = 1;
			remoteGlobalIDString = 6AADAE181BEB291500EB1E81;
			remoteInfo = "AutoLayout动态cell布局";
		};
		6AADAE411BEB291500EB1E81 /* PBXContainerItemProxy */ = {
			isa = PBXContainerItemProxy;
			containerPortal = 6AADAE111BEB291500EB1E81 /* Project object */;
			proxyType = 1;
			remoteGlobalIDString = 6AADAE181BEB291500EB1E81;
			remoteInfo = "AutoLayout动态cell布局";
		};
/* End PBXContainerItemProxy section */

/* Begin PBXFileReference section */
		6AADAE191BEB291500EB1E81 /* AutoLayout动态cell布局.app */ = {isa = PBXFileReference; explicitFileType = wrapper.application; includeInIndex = 0; path = "AutoLayout动态cell布局.app"; sourceTree = BUILT_PRODUCTS_DIR; };
		6AADAE1D1BEB291500EB1E81 /* main.m */ = {isa = PBXFileReference; lastKnownFileType = sourcecode.c.objc; path = main.m; sourceTree = "<group>"; };
		6AADAE1F1BEB291500EB1E81 /* AppDelegate.h */ = {isa = PBXFileReference; lastKnownFileType = sourcecode.c.h; path = AppDelegate.h; sourceTree = "<group>"; };
		6AADAE201BEB291500EB1E81 /* AppDelegate.m */ = {isa = PBXFileReference; lastKnownFileType = sourcecode.c.objc; path = AppDelegate.m; sourceTree = "<group>"; };
		6AADAE221BEB291500EB1E81 /* ViewController.h */ = {isa = PBXFileReference; lastKnownFileType = sourcecode.c.h; path = ViewController.h; sourceTree = "<group>"; };
		6AADAE231BEB291500EB1E81 /* ViewController.m */ = {isa = PBXFileReference; lastKnownFileType = sourcecode.c.objc; path = ViewController.m; sourceTree = "<group>"; };
		6AADAE261BEB291500EB1E81 /* Base */ = {isa = PBXFileReference; lastKnownFileType = file.storyboard; name = Base; path = Base.lproj/Main.storyboard; sourceTree = "<group>"; };
		6AADAE291BEB291500EB1E81 /* AutoLayout__cell__.xcdatamodel */ = {isa = PBXFileReference; lastKnownFileType = wrapper.xcdatamodel; path = AutoLayout__cell__.xcdatamodel; sourceTree = "<group>"; };
		6AADAE2B1BEB291500EB1E81 /* Assets.xcassets */ = {isa = PBXFileReference; lastKnownFileType = folder.assetcatalog; path = Assets.xcassets; sourceTree = "<group>"; };
		6AADAE2E1BEB291500EB1E81 /* Base */ = {isa = PBXFileReference; lastKnownFileType = file.storyboard; name = Base; path = Base.lproj/LaunchScreen.storyboard; sourceTree = "<group>"; };
		6AADAE301BEB291500EB1E81 /* Info.plist */ = {isa = PBXFileReference; lastKnownFileType = text.plist.xml; path = Info.plist; sourceTree = "<group>"; };
		6AADAE351BEB291500EB1E81 /* AutoLayout动态cell布局Tests.xctest */ = {isa = PBXFileReference; explicitFileType = wrapper.cfbundle; includeInIndex = 0; path = "AutoLayout动态cell布局Tests.xctest"; sourceTree = BUILT_PRODUCTS_DIR; };
		6AADAE391BEB291500EB1E81 /* AutoLayout__cell__Tests.m */ = {isa = PBXFileReference; lastKnownFileType = sourcecode.c.objc; path = AutoLayout__cell__Tests.m; sourceTree = "<group>"; };
		6AADAE3B1BEB291500EB1E81 /* Info.plist */ = {isa = PBXFileReference; lastKnownFileType = text.plist.xml; path = Info.plist; sourceTree = "<group>"; };
		6AADAE401BEB291500EB1E81 /* AutoLayout动态cell布局UITests.xctest */ = {isa = PBXFileReference; explicitFileType = wrapper.cfbundle; includeInIndex = 0; path = "AutoLayout动态cell布局UITests.xctest"; sourceTree = BUILT_PRODUCTS_DIR; };
		6AADAE441BEB291500EB1E81 /* AutoLayout__cell__UITests.m */ = {isa = PBXFileReference; lastKnownFileType = sourcecode.c.objc; path = AutoLayout__cell__UITests.m; sourceTree = "<group>"; };
		6AADAE461BEB291500EB1E81 /* Info.plist */ = {isa = PBXFileReference; lastKnownFileType = text.plist.xml; path = Info.plist; sourceTree = "<group>"; };
/* End PBXFileReference section */

/* Begin PBXFrameworksBuildPhase section */
		6AADAE161BEB291500EB1E81 /* Frameworks */ = {
			isa = PBXFrameworksBuildPhase;
			buildActionMask = 2147483647;
			files = (
			);
			runOnlyForDeploymentPostprocessing = 0;
		};
		6AADAE321BEB291500EB1E81 /* Frameworks */ = {
			isa = PBXFrameworksBuildPhase;
			buildActionMask = 2147483647;
			files = (
			);
			runOnlyForDeploymentPostprocessing = 0;
		};
		6AADAE3D1BEB291500EB1E81 /* Frameworks */ = {
			isa = PBXFrameworksBuildPhase;
			buildActionMask = 2147483647;
			files = (
			);
			runOnlyForDeploymentPostprocessing = 0;
		};
/* End PBXFrameworksBuildPhase section */

/* Begin PBXGroup section */
		6AADAE101BEB291500EB1E81 = {
			isa = PBXGroup;
			children = (
				6AADAE1B1BEB291500EB1E81 /* AutoLayout动态cell布局 */,
				6AADAE381BEB291500EB1E81 /* AutoLayout动态cell布局Tests */,
				6AADAE431BEB291500EB1E81 /* AutoLayout动态cell布局UITests */,
				6AADAE1A1BEB291500EB1E81 /* Products */,
			);
			sourceTree = "<group>";
		};
		6AADAE1A1BEB291500EB1E81 /* Products */ = {
			isa = PBXGroup;
			children = (
				6AADAE191BEB291500EB1E81 /* AutoLayout动态cell布局.app */,
				6AADAE351BEB291500EB1E81 /* AutoLayout动态cell布局Tests.xctest */,
				6AADAE401BEB291500EB1E81 /* AutoLayout动态cell布局UITests.xctest */,
			);
			name = Products;
			sourceTree = "<group>";
		};
		6AADAE1B1BEB291500EB1E81 /* AutoLayout动态cell布局 */ = {
			isa = PBXGroup;
			children = (
				6AADAE1F1BEB291500EB1E81 /* AppDelegate.h */,
				6AADAE201BEB291500EB1E81 /* AppDelegate.m */,
				6AADAE221BEB291500EB1E81 /* ViewController.h */,
				6AADAE231BEB291500EB1E81 /* ViewController.m */,
				6AADAE251BEB291500EB1E81 /* Main.storyboard */,
				6AADAE2B1BEB291500EB1E81 /* Assets.xcassets */,
				6AADAE2D1BEB291500EB1E81 /* LaunchScreen.storyboard */,
				6AADAE301BEB291500EB1E81 /* Info.plist */,
				6AADAE281BEB291500EB1E81 /* AutoLayout__cell__.xcdatamodeld */,
				6AADAE1C1BEB291500EB1E81 /* Supporting Files */,
			);
			path = "AutoLayout动态cell布局";
			sourceTree = "<group>";
		};
		6AADAE1C1BEB291500EB1E81 /* Supporting Files */ = {
			isa = PBXGroup;
			children = (
				6AADAE1D1BEB291500EB1E81 /* main.m */,
			);
			name = "Supporting Files";
			sourceTree = "<group>";
		};
		6AADAE381BEB291500EB1E81 /* AutoLayout动态cell布局Tests */ = {
			isa = PBXGroup;
			children = (
				6AADAE391BEB291500EB1E81 /* AutoLayout__cell__Tests.m */,
				6AADAE3B1BEB291500EB1E81 /* Info.plist */,
			);
			path = "AutoLayout动态cell布局Tests";
			sourceTree = "<group>";
		};
		6AADAE431BEB291500EB1E81 /* AutoLayout动态cell布局UITests */ = {
			isa = PBXGroup;
			children = (
				6AADAE441BEB291500EB1E81 /* AutoLayout__cell__UITests.m */,
				6AADAE461BEB291500EB1E81 /* Info.plist */,
			);
			path = "AutoLayout动态cell布局UITests";
			sourceTree = "<group>";
		};
/* End PBXGroup section */

/* Begin PBXNativeTarget section */
		6AADAE181BEB291500EB1E81 /* AutoLayout动态cell布局 */ = {
			isa = PBXNativeTarget;
			buildConfigurationList = 6AADAE491BEB291500EB1E81 /* Build configuration list for PBXNativeTarget "AutoLayout动态cell布局" */;
			buildPhases = (
				6AADAE151BEB291500EB1E81 /* Sources */,
				6AADAE161BEB291500EB1E81 /* Frameworks */,
				6AADAE171BEB291500EB1E81 /* Resources */,
			);
			buildRules = (
			);
			dependencies = (
			);
			name = "AutoLayout动态cell布局";
			productName = "AutoLayout动态cell布局";
			productReference = 6AADAE191BEB291500EB1E81 /* AutoLayout动态cell布局.app */;
			productType = "com.apple.product-type.application";
		};
		6AADAE341BEB291500EB1E81 /* AutoLayout动态cell布局Tests */ = {
			isa = PBXNativeTarget;
			buildConfigurationList = 6AADAE4C1BEB291500EB1E81 /* Build configuration list for PBXNativeTarget "AutoLayout动态cell布局Tests" */;
			buildPhases = (
				6AADAE311BEB291500EB1E81 /* Sources */,
				6AADAE321BEB291500EB1E81 /* Frameworks */,
				6AADAE331BEB291500EB1E81 /* Resources */,
			);
			buildRules = (
			);
			dependencies = (
				6AADAE371BEB291500EB1E81 /* PBXTargetDependency */,
			);
			name = "AutoLayout动态cell布局Tests";
			productName = "AutoLayout动态cell布局Tests";
			productReference = 6AADAE351BEB291500EB1E81 /* AutoLayout动态cell布局Tests.xctest */;
			productType = "com.apple.product-type.bundle.unit-test";
		};
		6AADAE3F1BEB291500EB1E81 /* AutoLayout动态cell布局UITests */ = {
			isa = PBXNativeTarget;
			buildConfigurationList = 6AADAE4F1BEB291500EB1E81 /* Build configuration list for PBXNativeTarget "AutoLayout动态cell布局UITests" */;
			buildPhases = (
				6AADAE3C1BEB291500EB1E81 /* Sources */,
				6AADAE3D1BEB291500EB1E81 /* Frameworks */,
				6AADAE3E1BEB291500EB1E81 /* Resources */,
			);
			buildRules = (
			);
			dependencies = (
				6AADAE421BEB291500EB1E81 /* PBXTargetDependency */,
			);
			name = "AutoLayout动态cell布局UITests";
			productName = "AutoLayout动态cell布局UITests";
			productReference = 6AADAE401BEB291500EB1E81 /* AutoLayout动态cell布局UITests.xctest */;
			productType = "com.apple.product-type.bundle.ui-testing";
		};
/* End PBXNativeTarget section */

/* Begin PBXProject section */
		6AADAE111BEB291500EB1E81 /* Project object */ = {
			isa = PBXProject;
			attributes = {
				LastUpgradeCheck = 0700;
				ORGANIZATIONNAME = PiYi;
				TargetAttributes = {
					6AADAE181BEB291500EB1E81 = {
						CreatedOnToolsVersion = 7.0;
					};
					6AADAE341BEB291500EB1E81 = {
						CreatedOnToolsVersion = 7.0;
						TestTargetID = 6AADAE181BEB291500EB1E81;
					};
					6AADAE3F1BEB291500EB1E81 = {
						CreatedOnToolsVersion = 7.0;
						TestTargetID = 6AADAE181BEB291500EB1E81;
					};
				};
			};
			buildConfigurationList = 6AADAE141BEB291500EB1E81 /* Build configuration list for PBXProject "AutoLayout动态cell布局" */;
			compatibilityVersion = "Xcode 3.2";
			developmentRegion = English;
			hasScannedForEncodings = 0;
			knownRegions = (
				en,
				Base,
			);
			mainGroup = 6AADAE101BEB291500EB1E81;
			productRefGroup = 6AADAE1A1BEB291500EB1E81 /* Products */;
			projectDirPath = "";
			projectRoot = "";
			targets = (
				6AADAE181BEB291500EB1E81 /* AutoLayout动态cell布局 */,
				6AADAE341BEB291500EB1E81 /* AutoLayout动态cell布局Tests */,
				6AADAE3F1BEB291500EB1E81 /* AutoLayout动态cell布局UITests */,
			);
		};
/* End PBXProject section */

/* Begin PBXResourcesBuildPhase section */
		6AADAE171BEB291500EB1E81 /* Resources */ = {
			isa = PBXResourcesBuildPhase;
			buildActionMask = 2147483647;
			files = (
				6AADAE2F1BEB291500EB1E81 /* LaunchScreen.storyboard in Resources */,
				6AADAE2C1BEB291500EB1E81 /* Assets.xcassets in Resources */,
				6AADAE271BEB291500EB1E81 /* Main.storyboard in Resources */,
			);
			runOnlyForDeploymentPostprocessing = 0;
		};
		6AADAE331BEB291500EB1E81 /* Resources */ = {
			isa = PBXResourcesBuildPhase;
			buildActionMask = 2147483647;
			files = (
			);
			runOnlyForDeploymentPostprocessing = 0;
		};
		6AADAE3E1BEB291500EB1E81 /* Resources */ = {
			isa = PBXResourcesBuildPhase;
			buildActionMask = 2147483647;
			files = (
			);
			runOnlyForDeploymentPostprocessing = 0;
		};
/* End PBXResourcesBuildPhase section */

/* Begin PBXSourcesBuildPhase section */
		6AADAE151BEB291500EB1E81 /* Sources */ = {
			isa = PBXSourcesBuildPhase;
			buildActionMask = 2147483647;
			files = (
				6AADAE241BEB291500EB1E81 /* ViewController.m in Sources */,
				6AADAE211BEB291500EB1E81 /* AppDelegate.m in Sources */,
				6AADAE2A1BEB291500EB1E81 /* AutoLayout__cell__.xcdatamodeld in Sources */,
				6AADAE1E1BEB291500EB1E81 /* main.m in Sources */,
			);
			runOnlyForDeploymentPostprocessing = 0;
		};
		6AADAE311BEB291500EB1E81 /* Sources */ = {
			isa = PBXSourcesBuildPhase;
			buildActionMask = 2147483647;
			files = (
				6AADAE3A1BEB291500EB1E81 /* AutoLayout__cell__Tests.m in Sources */,
			);
			runOnlyForDeploymentPostprocessing = 0;
		};
		6AADAE3C1BEB291500EB1E81 /* Sources */ = {
			isa = PBXSourcesBuildPhase;
			buildActionMask = 2147483647;
			files = (
				6AADAE451BEB291500EB1E81 /* AutoLayout__cell__UITests.m in Sources */,
			);
			runOnlyForDeploymentPostprocessing = 0;
		};
/* End PBXSourcesBuildPhase section */

/* Begin PBXTargetDependency section */
		6AADAE371BEB291500EB1E81 /* PBXTargetDependency */ = {
			isa = PBXTargetDependency;
			target = 6AADAE181BEB291500EB1E81 /* AutoLayout动态cell布局 */;
			targetProxy = 6AADAE361BEB291500EB1E81 /* PBXContainerItemProxy */;
		};
		6AADAE421BEB291500EB1E81 /* PBXTargetDependency */ = {
			isa = PBXTargetDependency;
			target = 6AADAE181BEB291500EB1E81 /* AutoLayout动态cell布局 */;
			targetProxy = 6AADAE411BEB291500EB1E81 /* PBXContainerItemProxy */;
		};
/* End PBXTargetDependency section */

/* Begin PBXVariantGroup section */
		6AADAE251BEB291500EB1E81 /* Main.storyboard */ = {
			isa = PBXVariantGroup;
			children = (
				6AADAE261BEB291500EB1E81 /* Base */,
			);
			name = Main.storyboard;
			sourceTree = "<group>";
		};
		6AADAE2D1BEB291500EB1E81 /* LaunchScreen.storyboard */ = {
			isa = PBXVariantGroup;
			children = (
				6AADAE2E1BEB291500EB1E81 /* Base */,
			);
			name = LaunchScreen.storyboard;
			sourceTree = "<group>";
		};
/* End PBXVariantGroup section */

/* Begin XCBuildConfiguration section */
		6AADAE471BEB291500EB1E81 /* Debug */ = {
			isa = XCBuildConfiguration;
			buildSettings = {
				ALWAYS_SEARCH_USER_PATHS = NO;
				CLANG_CXX_LANGUAGE_STANDARD = "gnu++0x";
				CLANG_CXX_LIBRARY = "libc++";
				CLANG_ENABLE_MODULES = YES;
				CLANG_ENABLE_OBJC_ARC = YES;
				CLANG_WARN_BOOL_CONVERSION = YES;
				CLANG_WARN_CONSTANT_CONVERSION = YES;
				CLANG_WARN_DIRECT_OBJC_ISA_USAGE = YES_ERROR;
				CLANG_WARN_EMPTY_BODY = YES;
				CLANG_WARN_ENUM_CONVERSION = YES;
				CLANG_WARN_INT_CONVERSION = YES;
				CLANG_WARN_OBJC_ROOT_CLASS = YES_ERROR;
				CLANG_WARN_UNREACHABLE_CODE = YES;
				CLANG_WARN__DUPLICATE_METHOD_MATCH = YES;
				"CODE_SIGN_IDENTITY[sdk=iphoneos*]" = "iPhone Developer";
				COPY_PHASE_STRIP = NO;
				DEBUG_INFORMATION_FORMAT = dwarf;
				ENABLE_STRICT_OBJC_MSGSEND = YES;
				ENABLE_TESTABILITY = YES;
				GCC_C_LANGUAGE_STANDARD = gnu99;
				GCC_DYNAMIC_NO_PIC = NO;
				GCC_NO_COMMON_BLOCKS = YES;
				GCC_OPTIMIZATION_LEVEL = 0;
				GCC_PREPROCESSOR_DEFINITIONS = (
					"DEBUG=1",
					"$(inherited)",
				);
				GCC_WARN_64_TO_32_BIT_CONVERSION = YES;
				GCC_WARN_ABOUT_RETURN_TYPE = YES_ERROR;
				GCC_WARN_UNDECLARED_SELECTOR = YES;
				GCC_WARN_UNINITIALIZED_AUTOS = YES_AGGRESSIVE;
				GCC_WARN_UNUSED_FUNCTION = YES;
				GCC_WARN_UNUSED_VARIABLE = YES;
				IPHONEOS_DEPLOYMENT_TARGET = 9.0;
				MTL_ENABLE_DEBUG_INFO = YES;
				ONLY_ACTIVE_ARCH = YES;
				SDKROOT = iphoneos;
				TARGETED_DEVICE_FAMILY = "1,2";
			};
			name = Debug;
		};
		6AADAE481BEB291500EB1E81 /* Release */ = {
			isa = XCBuildConfiguration;
			buildSettings = {
				ALWAYS_SEARCH_USER_PATHS = NO;
				CLANG_CXX_LANGUAGE_STANDARD = "gnu++0x";
				CLANG_CXX_LIBRARY = "libc++";
				CLANG_ENABLE_MODULES = YES;
				CLANG_ENABLE_OBJC_ARC = YES;
				CLANG_WARN_BOOL_CONVERSION = YES;
				CLANG_WARN_CONSTANT_CONVERSION = YES;
				CLANG_WARN_DIRECT_OBJC_ISA_USAGE = YES_ERROR;
				CLANG_WARN_EMPTY_BODY = YES;
				CLANG_WARN_ENUM_CONVERSION = YES;
				CLANG_WARN_INT_CONVERSION = YES;
				CLANG_WARN_OBJC_ROOT_CLASS = YES_ERROR;
				CLANG_WARN_UNREACHABLE_CODE = YES;
				CLANG_WARN__DUPLICATE_METHOD_MATCH = YES;
				"CODE_SIGN_IDENTITY[sdk=iphoneos*]" = "iPhone Developer";
				COPY_PHASE_STRIP = NO;
				DEBUG_INFORMATION_FORMAT = "dwarf-with-dsym";
				ENABLE_NS_ASSERTIONS = NO;
				ENABLE_STRICT_OBJC_MSGSEND = YES;
				GCC_C_LANGUAGE_STANDARD = gnu99;
				GCC_NO_COMMON_BLOCKS = YES;
				GCC_WARN_64_TO_32_BIT_CONVERSION = YES;
				GCC_WARN_ABOUT_RETURN_TYPE = YES_ERROR;
				GCC_WARN_UNDECLARED_SELECTOR = YES;
				GCC_WARN_UNINITIALIZED_AUTOS = YES_AGGRESSIVE;
				GCC_WARN_UNUSED_FUNCTION = YES;
				GCC_WARN_UNUSED_VARIABLE = YES;
				IPHONEOS_DEPLOYMENT_TARGET = 9.0;
				MTL_ENABLE_DEBUG_INFO = NO;
				SDKROOT = iphoneos;
				TARGETED_DEVICE_FAMILY = "1,2";
				VALIDATE_PRODUCT = YES;
			};
			name = Release;
		};
		6AADAE4A1BEB291500EB1E81 /* Debug */ = {
			isa = XCBuildConfiguration;
			buildSettings = {
				ASSETCATALOG_COMPILER_APPICON_NAME = AppIcon;
				INFOPLIST_FILE = "AutoLayout动态cell布局/Info.plist";
				LD_RUNPATH_SEARCH_PATHS = "$(inherited) @executable_path/Frameworks";
				PRODUCT_BUNDLE_IDENTIFIER = "PiYi.AutoLayout--cell--";
				PRODUCT_NAME = "$(TARGET_NAME)";
			};
			name = Debug;
		};
		6AADAE4B1BEB291500EB1E81 /* Release */ = {
			isa = XCBuildConfiguration;
			buildSettings = {
				ASSETCATALOG_COMPILER_APPICON_NAME = AppIcon;
				INFOPLIST_FILE = "AutoLayout动态cell布局/Info.plist";
				LD_RUNPATH_SEARCH_PATHS = "$(inherited) @executable_path/Frameworks";
				PRODUCT_BUNDLE_IDENTIFIER = "PiYi.AutoLayout--cell--";
				PRODUCT_NAME = "$(TARGET_NAME)";
			};
			name = Release;
		};
		6AADAE4D1BEB291500EB1E81 /* Debug */ = {
			isa = XCBuildConfiguration;
			buildSettings = {
				BUNDLE_LOADER = "$(TEST_HOST)";
				INFOPLIST_FILE = "AutoLayout动态cell布局Tests/Info.plist";
				LD_RUNPATH_SEARCH_PATHS = "$(inherited) @executable_path/Frameworks @loader_path/Frameworks";
				PRODUCT_BUNDLE_IDENTIFIER = "PiYi.AutoLayout--cell--Tests";
				PRODUCT_NAME = "$(TARGET_NAME)";
				TEST_HOST = "$(BUILT_PRODUCTS_DIR)/AutoLayout动态cell布局.app/AutoLayout动态cell布局";
			};
			name = Debug;
		};
		6AADAE4E1BEB291500EB1E81 /* Release */ = {
			isa = XCBuildConfiguration;
			buildSettings = {
				BUNDLE_LOADER = "$(TEST_HOST)";
				INFOPLIST_FILE = "AutoLayout动态cell布局Tests/Info.plist";
				LD_RUNPATH_SEARCH_PATHS = "$(inherited) @executable_path/Frameworks @loader_path/Frameworks";
				PRODUCT_BUNDLE_IDENTIFIER = "PiYi.AutoLayout--cell--Tests";
				PRODUCT_NAME = "$(TARGET_NAME)";
				TEST_HOST = "$(BUILT_PRODUCTS_DIR)/AutoLayout动态cell布局.app/AutoLayout动态cell布局";
			};
			name = Release;
		};
		6AADAE501BEB291500EB1E81 /* Debug */ = {
			isa = XCBuildConfiguration;
			buildSettings = {
				INFOPLIST_FILE = "AutoLayout动态cell布局UITests/Info.plist";
				LD_RUNPATH_SEARCH_PATHS = "$(inherited) @executable_path/Frameworks @loader_path/Frameworks";
				PRODUCT_BUNDLE_IDENTIFIER = "PiYi.AutoLayout--cell--UITests";
				PRODUCT_NAME = "$(TARGET_NAME)";
				TEST_TARGET_NAME = "AutoLayout动态cell布局";
				USES_XCTRUNNER = YES;
			};
			name = Debug;
		};
		6AADAE511BEB291500EB1E81 /* Release */ = {
			isa = XCBuildConfiguration;
			buildSettings = {
				INFOPLIST_FILE = "AutoLayout动态cell布局UITests/Info.plist";
				LD_RUNPATH_SEARCH_PATHS = "$(inherited) @executable_path/Frameworks @loader_path/Frameworks";
				PRODUCT_BUNDLE_IDENTIFIER = "PiYi.AutoLayout--cell--UITests";
				PRODUCT_NAME = "$(TARGET_NAME)";
				TEST_TARGET_NAME = "AutoLayout动态cell布局";
				USES_XCTRUNNER = YES;
			};
			name = Release;
		};
/* End XCBuildConfiguration section */

/* Begin XCConfigurationList section */
		6AADAE141BEB291500EB1E81 /* Build configuration list for PBXProject "AutoLayout动态cell布局" */ = {
			isa = XCConfigurationList;
			buildConfigurations = (
				6AADAE471BEB291500EB1E81 /* Debug */,
				6AADAE481BEB291500EB1E81 /* Release */,
			);
			defaultConfigurationIsVisible = 0;
			defaultConfigurationName = Release;
		};
		6AADAE491BEB291500EB1E81 /* Build configuration list for PBXNativeTarget "AutoLayout动态cell布局" */ = {
			isa = XCConfigurationList;
			buildConfigurations = (
				6AADAE4A1BEB291500EB1E81 /* Debug */,
				6AADAE4B1BEB291500EB1E81 /* Release */,
			);
			defaultConfigurationIsVisible = 0;
		};
		6AADAE4C1BEB291500EB1E81 /* Build configuration list for PBXNativeTarget "AutoLayout动态cell布局Tests" */ = {
			isa = XCConfigurationList;
			buildConfigurations = (
				6AADAE4D1BEB291500EB1E81 /* Debug */,
				6AADAE4E1BEB291500EB1E81 /* Release */,
			);
			defaultConfigurationIsVisible = 0;
		};
		6AADAE4F1BEB291500EB1E81 /* Build configuration list for PBXNativeTarget "AutoLayout动态cell布局UITests" */ = {
			isa = XCConfigurationList;
			buildConfigurations = (
				6AADAE501BEB291500EB1E81 /* Debug */,
				6AADAE511BEB291500EB1E81 /* Release */,
			);
			defaultConfigurationIsVisible = 0;
		};
/* End XCConfigurationList section */

/* Begin XCVersionGroup section */
		6AADAE281BEB291500EB1E81 /* AutoLayout__cell__.xcdatamodeld */ = {
			isa = XCVersionGroup;
			children = (
				6AADAE291BEB291500EB1E81 /* AutoLayout__cell__.xcdatamodel */,
			);
			currentVersion = 6AADAE291BEB291500EB1E81 /* AutoLayout__cell__.xcdatamodel */;
			path = AutoLayout__cell__.xcdatamodeld;
			sourceTree = "<group>";
			versionGroupType = wrapper.xcdatamodel;
		};
/* End XCVersionGroup section */
	};
	rootObject = 6AADAE111BEB291500EB1E81 /* Project object */;
}
